dependencies:
- name: nats
  repository: oci://registry-1.docker.io/bitnamicharts
  version: 7.9.10
- name: echo-web-api
  repository: oci://registry-1.docker.io/blaurent
  version: 0.2.0
- name: wordpress
  repository: https://charts.bitnami.com/bitnami
  version: 18.1.21
digest: sha256:43c437274e31707dfc1a1c0bc8bf1cec9073a977655bfec4309323bfe39c0bba
generated: "2023-12-06T17:40:57.861855+01:00"
