dependencies:
- name: nats
  repository: oci://registry-1.docker.io/bitnamicharts
  version: 7.9.10
- name: echo-web-api
  repository: oci://registry-1.docker.io/blaurent
  version: 0.4.0
- name: wordpress
  repository: https://charts.bitnami.com/bitnami
  version: 18.1.23
digest: sha256:efa7ebff33176a1cafb031b1ce103e2712346f2775885e1cf5887bcc100f463c
generated: "2023-12-11T15:01:27.707599+01:00"
